
Microsoft Visual Studio Solution File, Format Version 12.00
# Visual Studio Version 17
VisualStudioVersion = 17.14.36109.1
MinimumVisualStudioVersion = 10.0.40219.1
Project("{FAE04EC0-301F-11D3-BF4B-00C04F79EFBC}") = "Domain", "Domain\Domain\Domain.csproj", "{3F78FAB6-7F56-375E-B70C-60883B703675}"
EndProject
Project("{FAE04EC0-301F-11D3-BF4B-00C04F79EFBC}") = "ConsoleApp2", "ConsoleApp2\ConsoleApp2\ConsoleApp2.csproj", "{387683AF-F156-60B1-43C7-2287F142E069}"
EndProject
Project("{FAE04EC0-301F-11D3-BF4B-00C04F79EFBC}") = "WinFormsApp2", "WinFormsApp2\WinFormsApp2\WinFormsApp2.csproj", "{1C6113BA-2C28-AE1F-8661-6A766A8DE8F0}"
EndProject
Global
	GlobalSection(SolutionConfigurationPlatforms) = preSolution
		Debug|Any CPU = Debug|Any CPU
		Release|Any CPU = Release|Any CPU
	EndGlobalSection
	GlobalSection(ProjectConfigurationPlatforms) = postSolution
		{3F78FAB6-7F56-375E-B70C-60883B703675}.Debug|Any CPU.ActiveCfg = Debug|Any CPU
		{3F78FAB6-7F56-375E-B70C-60883B703675}.Debug|Any CPU.Build.0 = Debug|Any CPU
		{3F78FAB6-7F56-375E-B70C-60883B703675}.Release|Any CPU.ActiveCfg = Release|Any CPU
		{3F78FAB6-7F56-375E-B70C-60883B703675}.Release|Any CPU.Build.0 = Release|Any CPU
		{387683AF-F156-60B1-43C7-2287F142E069}.Debug|Any CPU.ActiveCfg = Debug|Any CPU
		{387683AF-F156-60B1-43C7-2287F142E069}.Debug|Any CPU.Build.0 = Debug|Any CPU
		{387683AF-F156-60B1-43C7-2287F142E069}.Release|Any CPU.ActiveCfg = Release|Any CPU
		{387683AF-F156-60B1-43C7-2287F142E069}.Release|Any CPU.Build.0 = Release|Any CPU
		{1C6113BA-2C28-AE1F-8661-6A766A8DE8F0}.Debug|Any CPU.ActiveCfg = Debug|Any CPU
		{1C6113BA-2C28-AE1F-8661-6A766A8DE8F0}.Debug|Any CPU.Build.0 = Debug|Any CPU
		{1C6113BA-2C28-AE1F-8661-6A766A8DE8F0}.Release|Any CPU.ActiveCfg = Release|Any CPU
		{1C6113BA-2C28-AE1F-8661-6A766A8DE8F0}.Release|Any CPU.Build.0 = Release|Any CPU
	EndGlobalSection
	GlobalSection(SolutionProperties) = preSolution
		HideSolutionNode = FALSE
	EndGlobalSection
	GlobalSection(ExtensibilityGlobals) = postSolution
		SolutionGuid = {EB9F9FDF-C706-4FB5-BACC-EBCB55070F7D}
	EndGlobalSection
EndGlobal
