
Microsoft Visual Studio Solution File, Format Version 12.00
# Visual Studio Version 17
VisualStudioVersion = 17.14.36109.1 d17.14
MinimumVisualStudioVersion = 10.0.40219.1
Project("{FAE04EC0-301F-11D3-BF4B-00C04F79EFBC}") = "Domain", "..\ClassLibrary1\ClassLibrary1\Domain.csproj", "{36A0063D-A5E6-A559-94FE-9E736C60C759}"
EndProject
Global
	GlobalSection(SolutionConfigurationPlatforms) = preSolution
		Debug|Any CPU = Debug|Any CPU
		Release|Any CPU = Release|Any CPU
	EndGlobalSection
	GlobalSection(ProjectConfigurationPlatforms) = postSolution
		{36A0063D-A5E6-A559-94FE-9E736C60C759}.Debug|Any CPU.ActiveCfg = Debug|Any CPU
		{36A0063D-A5E6-A559-94FE-9E736C60C759}.Debug|Any CPU.Build.0 = Debug|Any CPU
		{36A0063D-A5E6-A559-94FE-9E736C60C759}.Release|Any CPU.ActiveCfg = Release|Any CPU
		{36A0063D-A5E6-A559-94FE-9E736C60C759}.Release|Any CPU.Build.0 = Release|Any CPU
	EndGlobalSection
	GlobalSection(SolutionProperties) = preSolution
		HideSolutionNode = FALSE
	EndGlobalSection
	GlobalSection(ExtensibilityGlobals) = postSolution
		SolutionGuid = {8E3CBC75-E8CD-4F81-9FD8-A78D7DEAF0A7}
	EndGlobalSection
EndGlobal
